
Microsoft Visual Studio Solution File, Format Version 12.00
# Visual Studio 15
VisualStudioVersion = 15.0.28010.2019
MinimumVisualStudioVersion = 10.0.40219.1
Project("{FAE04EC0-301F-11D3-BF4B-00C04F79EFBC}") = "Reciepe", "Reciepe\Reciepe.csproj", "{AD34E978-04FF-4C24-92CC-E9B674E03D2F}"
EndProject
Project("{FAE04EC0-301F-11D3-BF4B-00C04F79EFBC}") = "RecipeOrganizerDatabase", "RecipeOrganizerDatabase\RecipeOrganizerDatabase.csproj", "{1E86244B-B28F-4299-8A57-581AEF692A11}"
EndProject
Project("{FAE04EC0-301F-11D3-BF4B-00C04F79EFBC}") = "RecipeTestdbInitializer", "RecipeTestdbInitializer\RecipeTestdbInitializer.csproj", "{CD4D29C1-A1A4-4559-9F78-5300512F7FE3}"
EndProject
Global
	GlobalSection(SolutionConfigurationPlatforms) = preSolution
		Debug|Any CPU = Debug|Any CPU
		Release|Any CPU = Release|Any CPU
	EndGlobalSection
	GlobalSection(ProjectConfigurationPlatforms) = postSolution
		{AD34E978-04FF-4C24-92CC-E9B674E03D2F}.Debug|Any CPU.ActiveCfg = Debug|Any CPU
		{AD34E978-04FF-4C24-92CC-E9B674E03D2F}.Debug|Any CPU.Build.0 = Debug|Any CPU
		{AD34E978-04FF-4C24-92CC-E9B674E03D2F}.Release|Any CPU.ActiveCfg = Release|Any CPU
		{AD34E978-04FF-4C24-92CC-E9B674E03D2F}.Release|Any CPU.Build.0 = Release|Any CPU
		{1E86244B-B28F-4299-8A57-581AEF692A11}.Debug|Any CPU.ActiveCfg = Debug|Any CPU
		{1E86244B-B28F-4299-8A57-581AEF692A11}.Debug|Any CPU.Build.0 = Debug|Any CPU
		{1E86244B-B28F-4299-8A57-581AEF692A11}.Release|Any CPU.ActiveCfg = Release|Any CPU
		{1E86244B-B28F-4299-8A57-581AEF692A11}.Release|Any CPU.Build.0 = Release|Any CPU
		{CD4D29C1-A1A4-4559-9F78-5300512F7FE3}.Debug|Any CPU.ActiveCfg = Debug|Any CPU
		{CD4D29C1-A1A4-4559-9F78-5300512F7FE3}.Debug|Any CPU.Build.0 = Debug|Any CPU
		{CD4D29C1-A1A4-4559-9F78-5300512F7FE3}.Release|Any CPU.ActiveCfg = Release|Any CPU
		{CD4D29C1-A1A4-4559-9F78-5300512F7FE3}.Release|Any CPU.Build.0 = Release|Any CPU
	EndGlobalSection
	GlobalSection(SolutionProperties) = preSolution
		HideSolutionNode = FALSE
	EndGlobalSection
	GlobalSection(ExtensibilityGlobals) = postSolution
		SolutionGuid = {1E51615A-2C22-4B2A-9C2F-607D57760DC2}
	EndGlobalSection
EndGlobal
